
Microsoft Visual Studio Solution File, Format Version 12.00
# Visual Studio 15
VisualStudioVersion = 15.0.27428.2002
MinimumVisualStudioVersion = 10.0.40219.1
Project("{FAE04EC0-301F-11D3-BF4B-00C04F79EFBC}") = "GADE6112_POE", "GADE6112_POE\GADE6112_POE.csproj", "{3A504D13-387E-4FA4-B668-8D3F5FA2EA3F}"
EndProject
Global
	GlobalSection(SolutionConfigurationPlatforms) = preSolution
		Debug|Any CPU = Debug|Any CPU
		Release|Any CPU = Release|Any CPU
	EndGlobalSection
	GlobalSection(ProjectConfigurationPlatforms) = postSolution
		{3A504D13-387E-4FA4-B668-8D3F5FA2EA3F}.Debug|Any CPU.ActiveCfg = Debug|Any CPU
		{3A504D13-387E-4FA4-B668-8D3F5FA2EA3F}.Debug|Any CPU.Build.0 = Debug|Any CPU
		{3A504D13-387E-4FA4-B668-8D3F5FA2EA3F}.Release|Any CPU.ActiveCfg = Release|Any CPU
		{3A504D13-387E-4FA4-B668-8D3F5FA2EA3F}.Release|Any CPU.Build.0 = Release|Any CPU
	EndGlobalSection
	GlobalSection(SolutionProperties) = preSolution
		HideSolutionNode = FALSE
	EndGlobalSection
	GlobalSection(ExtensibilityGlobals) = postSolution
		SolutionGuid = {DF7F69C4-EF07-4DB9-AF69-29D4F7666B3C}
	EndGlobalSection
EndGlobal
